
Microsoft Visual Studio Solution File, Format Version 12.00
# Visual Studio 15
VisualStudioVersion = 15.0.28010.2036
MinimumVisualStudioVersion = 10.0.40219.1
Project("{9A19103F-16F7-4668-BE54-9A1E7A4F7556}") = "Hotel-Reservations", "Hotel-Reservations\Hotel-Reservations.csproj", "{17BD8589-A6C6-41BC-A895-53D8F3D4D6C3}"
EndProject
Project("{2150E333-8FDC-42A3-9474-1A3956D46DE8}") = "Common", "Common", "{132EDE77-ACB5-442D-BE6A-5D3960A2FFD1}"
EndProject
Project("{9A19103F-16F7-4668-BE54-9A1E7A4F7556}") = "HotelReservation.Core", "Common\HotelReservation.Core\HotelReservation.Core.csproj", "{A34A2D05-A199-4728-B477-4A15439ABAD1}"
EndProject
Project("{9A19103F-16F7-4668-BE54-9A1E7A4F7556}") = "HotelReservation.Database", "Common\HotelReservation.Database\HotelReservation.Database.csproj", "{BDCB7815-9B7B-4476-B210-F665A7EF31B0}"
EndProject
Project("{9A19103F-16F7-4668-BE54-9A1E7A4F7556}") = "HotelReservation.Domain", "Common\HotelReservation.Domain\HotelReservation.Domain.csproj", "{1B4D64AA-A41C-49D2-9455-D4D14FBB9790}"
EndProject
Project("{00D1A9C2-B5F0-4AF3-8072-F6C62B433612}") = "HotelReservation.SQLServer", "Common\HotelReservation.SQLServer\HotelReservation.SQLServer.sqlproj", "{BEE54BAA-61C6-46CF-B324-4F225BFD3C57}"
EndProject
Project("{9A19103F-16F7-4668-BE54-9A1E7A4F7556}") = "HotelReservation.Test", "HotelReservation.Test\HotelReservation.Test.csproj", "{96B292E9-FB0E-4C60-BAC2-69AE6CBE806C}"
EndProject
Project("{2150E333-8FDC-42A3-9474-1A3956D46DE8}") = "Api", "Api", "{C96D00B9-63E2-497F-BF4D-8236FA702B86}"
EndProject
Project("{2150E333-8FDC-42A3-9474-1A3956D46DE8}") = "Testing", "Testing", "{18D6DDCB-4F28-4B3F-9A4C-A68ED4C76556}"
EndProject
Project("{2150E333-8FDC-42A3-9474-1A3956D46DE8}") = "BlackBox", "BlackBox", "{C553850F-58C0-43E0-A2BC-1983F6BA7A04}"
EndProject
Project("{2150E333-8FDC-42A3-9474-1A3956D46DE8}") = "WhiteBox", "WhiteBox", "{0FFE6BCA-C83D-418E-B43F-9533D404ECDD}"
EndProject
Global
	GlobalSection(SolutionConfigurationPlatforms) = preSolution
		Debug|Any CPU = Debug|Any CPU
		Release|Any CPU = Release|Any CPU
	EndGlobalSection
	GlobalSection(ProjectConfigurationPlatforms) = postSolution
		{17BD8589-A6C6-41BC-A895-53D8F3D4D6C3}.Debug|Any CPU.ActiveCfg = Debug|Any CPU
		{17BD8589-A6C6-41BC-A895-53D8F3D4D6C3}.Debug|Any CPU.Build.0 = Debug|Any CPU
		{17BD8589-A6C6-41BC-A895-53D8F3D4D6C3}.Release|Any CPU.ActiveCfg = Release|Any CPU
		{17BD8589-A6C6-41BC-A895-53D8F3D4D6C3}.Release|Any CPU.Build.0 = Release|Any CPU
		{A34A2D05-A199-4728-B477-4A15439ABAD1}.Debug|Any CPU.ActiveCfg = Debug|Any CPU
		{A34A2D05-A199-4728-B477-4A15439ABAD1}.Debug|Any CPU.Build.0 = Debug|Any CPU
		{A34A2D05-A199-4728-B477-4A15439ABAD1}.Release|Any CPU.ActiveCfg = Release|Any CPU
		{A34A2D05-A199-4728-B477-4A15439ABAD1}.Release|Any CPU.Build.0 = Release|Any CPU
		{BDCB7815-9B7B-4476-B210-F665A7EF31B0}.Debug|Any CPU.ActiveCfg = Debug|Any CPU
		{BDCB7815-9B7B-4476-B210-F665A7EF31B0}.Debug|Any CPU.Build.0 = Debug|Any CPU
		{BDCB7815-9B7B-4476-B210-F665A7EF31B0}.Release|Any CPU.ActiveCfg = Release|Any CPU
		{BDCB7815-9B7B-4476-B210-F665A7EF31B0}.Release|Any CPU.Build.0 = Release|Any CPU
		{1B4D64AA-A41C-49D2-9455-D4D14FBB9790}.Debug|Any CPU.ActiveCfg = Debug|Any CPU
		{1B4D64AA-A41C-49D2-9455-D4D14FBB9790}.Debug|Any CPU.Build.0 = Debug|Any CPU
		{1B4D64AA-A41C-49D2-9455-D4D14FBB9790}.Release|Any CPU.ActiveCfg = Release|Any CPU
		{1B4D64AA-A41C-49D2-9455-D4D14FBB9790}.Release|Any CPU.Build.0 = Release|Any CPU
		{BEE54BAA-61C6-46CF-B324-4F225BFD3C57}.Debug|Any CPU.ActiveCfg = Debug|Any CPU
		{BEE54BAA-61C6-46CF-B324-4F225BFD3C57}.Debug|Any CPU.Build.0 = Debug|Any CPU
		{BEE54BAA-61C6-46CF-B324-4F225BFD3C57}.Debug|Any CPU.Deploy.0 = Debug|Any CPU
		{BEE54BAA-61C6-46CF-B324-4F225BFD3C57}.Release|Any CPU.ActiveCfg = Release|Any CPU
		{BEE54BAA-61C6-46CF-B324-4F225BFD3C57}.Release|Any CPU.Build.0 = Release|Any CPU
		{BEE54BAA-61C6-46CF-B324-4F225BFD3C57}.Release|Any CPU.Deploy.0 = Release|Any CPU
		{96B292E9-FB0E-4C60-BAC2-69AE6CBE806C}.Debug|Any CPU.ActiveCfg = Debug|Any CPU
		{96B292E9-FB0E-4C60-BAC2-69AE6CBE806C}.Debug|Any CPU.Build.0 = Debug|Any CPU
		{96B292E9-FB0E-4C60-BAC2-69AE6CBE806C}.Release|Any CPU.ActiveCfg = Release|Any CPU
		{96B292E9-FB0E-4C60-BAC2-69AE6CBE806C}.Release|Any CPU.Build.0 = Release|Any CPU
	EndGlobalSection
	GlobalSection(SolutionProperties) = preSolution
		HideSolutionNode = FALSE
	EndGlobalSection
	GlobalSection(NestedProjects) = preSolution
		{17BD8589-A6C6-41BC-A895-53D8F3D4D6C3} = {C96D00B9-63E2-497F-BF4D-8236FA702B86}
		{A34A2D05-A199-4728-B477-4A15439ABAD1} = {132EDE77-ACB5-442D-BE6A-5D3960A2FFD1}
		{BDCB7815-9B7B-4476-B210-F665A7EF31B0} = {132EDE77-ACB5-442D-BE6A-5D3960A2FFD1}
		{1B4D64AA-A41C-49D2-9455-D4D14FBB9790} = {132EDE77-ACB5-442D-BE6A-5D3960A2FFD1}
		{BEE54BAA-61C6-46CF-B324-4F225BFD3C57} = {132EDE77-ACB5-442D-BE6A-5D3960A2FFD1}
		{96B292E9-FB0E-4C60-BAC2-69AE6CBE806C} = {0FFE6BCA-C83D-418E-B43F-9533D404ECDD}
		{C553850F-58C0-43E0-A2BC-1983F6BA7A04} = {18D6DDCB-4F28-4B3F-9A4C-A68ED4C76556}
		{0FFE6BCA-C83D-418E-B43F-9533D404ECDD} = {18D6DDCB-4F28-4B3F-9A4C-A68ED4C76556}
	EndGlobalSection
	GlobalSection(ExtensibilityGlobals) = postSolution
		SolutionGuid = {F486574C-6160-4492-B294-F1BAB974831B}
	EndGlobalSection
EndGlobal
